github.com/MicahParks/jwkset v0.5.6 h1:j7DxnWgzNigqpPsplDug1MR2zCzUmi8wdyHhhq/wIk4=
github.com/MicahParks/jwkset v0.5.6/go.mod h1:6QApSQehWQGJUc1mPbUQ65YByW8IE2eXZeqFImpg4JA=
github.com/golang-jwt/jwt/v5 v5.2.0 h1:d/ix8ftRUorsN+5eMIlF4T6J8CAt9rch3My2winC1Jw=
github.com/golang-jwt/jwt/v5 v5.2.0/go.mod h1:pqrtFR0X4osieyHYxtmOUWsAWrfe1Q5UVIyoH402zdk=
golang.org/x/time v0.5.0 h1:o7cqy6amK/52YcAKIPlM3a+Fpj35zvRj2TP+e1xFSfk=
golang.org/x/time v0.5.0/go.mod h1:3BpzKBy/shNhVucY/MWOyx10tF3SFh9QdLuxbVysPQM=
